// !$*UTF8*$!
{
	archiveVersion = 1;
	classes = {
	};
	objectVersion = 50;
	objects = {

/* Begin PBXBuildFile section */
		5D4C25AD5DC592EA3C749696 /* Pods_VkApplicationTests.framework in Frameworks */ = {isa = PBXBuildFile; fileRef = EE521556F157C5041345773F /* Pods_VkApplicationTests.framework */; };
		99F83EA272D729B028F4A7C8 /* Pods_VkApplication.framework in Frameworks */ = {isa = PBXBuildFile; fileRef = 264BC74CB1E16DADB6450B06 /* Pods_VkApplication.framework */; };
		A92FE65420F8165B0035C748 /* UserViewController.swift in Sources */ = {isa = PBXBuildFile; fileRef = A92FE65320F8165B0035C748 /* UserViewController.swift */; };
		A9381F1F20F258E500FD1793 /* PrivateVkLogic.swift in Sources */ = {isa = PBXBuildFile; fileRef = A9381F1E20F258E500FD1793 /* PrivateVkLogic.swift */; };
		A94F7B3420F4FB4500217990 /* VkStatisticsViewController.swift in Sources */ = {isa = PBXBuildFile; fileRef = A94F7B3320F4FB4500217990 /* VkStatisticsViewController.swift */; };
		A97522302104B7BE007875EA /* SignUpItems.swift in Sources */ = {isa = PBXBuildFile; fileRef = A975222F2104B7BE007875EA /* SignUpItems.swift */; };
		A97522332104EA56007875EA /* GoogleService-Info.plist in Resources */ = {isa = PBXBuildFile; fileRef = A97522322104EA56007875EA /* GoogleService-Info.plist */; };
		A975223521052BFC007875EA /* VKTabBarController.swift in Sources */ = {isa = PBXBuildFile; fileRef = A975223421052BFC007875EA /* VKTabBarController.swift */; };
		A981EE7820F9063200091D5F /* InfoViewController.swift in Sources */ = {isa = PBXBuildFile; fileRef = A981EE7720F9063200091D5F /* InfoViewController.swift */; };
		A981EE7B20F9075300091D5F /* UserInfoView.xib in Resources */ = {isa = PBXBuildFile; fileRef = A981EE7A20F9075200091D5F /* UserInfoView.xib */; };
		A981EE7D20F907CB00091D5F /* UserInfoView.swift in Sources */ = {isa = PBXBuildFile; fileRef = A981EE7C20F907CB00091D5F /* UserInfoView.swift */; };
		A9CFF99B20FD307300582DC4 /* PublicVkLogic.swift in Sources */ = {isa = PBXBuildFile; fileRef = A9CFF99A20FD307300582DC4 /* PublicVkLogic.swift */; };
		A9D9033221033CC700426162 /* UserWallTableViewController.swift in Sources */ = {isa = PBXBuildFile; fileRef = A9D9033121033CC700426162 /* UserWallTableViewController.swift */; };
		A9F7DB4B20F15A1D00F870AC /* AppDelegate.swift in Sources */ = {isa = PBXBuildFile; fileRef = A9F7DB4A20F15A1D00F870AC /* AppDelegate.swift */; };
		A9F7DB4D20F15A1D00F870AC /* SignUpViewController.swift in Sources */ = {isa = PBXBuildFile; fileRef = A9F7DB4C20F15A1D00F870AC /* SignUpViewController.swift */; };
		A9F7DB5020F15A1D00F870AC /* Main.storyboard in Resources */ = {isa = PBXBuildFile; fileRef = A9F7DB4E20F15A1D00F870AC /* Main.storyboard */; };
		A9F7DB5320F15A1D00F870AC /* VkApplication.xcdatamodeld in Sources */ = {isa = PBXBuildFile; fileRef = A9F7DB5120F15A1D00F870AC /* VkApplication.xcdatamodeld */; };
		A9F7DB5520F15A2000F870AC /* Assets.xcassets in Resources */ = {isa = PBXBuildFile; fileRef = A9F7DB5420F15A2000F870AC /* Assets.xcassets */; };
		A9F7DB5820F15A2000F870AC /* LaunchScreen.storyboard in Resources */ = {isa = PBXBuildFile; fileRef = A9F7DB5620F15A2000F870AC /* LaunchScreen.storyboard */; };
		A9F7DB6320F15A2000F870AC /* VkApplicationTests.swift in Sources */ = {isa = PBXBuildFile; fileRef = A9F7DB6220F15A2000F870AC /* VkApplicationTests.swift */; };
		A9F7DB7220F15F5800F870AC /* VK_ios_sdk.framework in Frameworks */ = {isa = PBXBuildFile; fileRef = A9F7DB7120F15F5800F870AC /* VK_ios_sdk.framework */; };
/* End PBXBuildFile section */

/* Begin PBXContainerItemProxy section */
		A9F7DB5F20F15A2000F870AC /* PBXContainerItemProxy */ = {
			isa = PBXContainerItemProxy;
			containerPortal = A9F7DB3F20F15A1D00F870AC /* Project object */;
			proxyType = 1;
			remoteGlobalIDString = A9F7DB4620F15A1D00F870AC;
			remoteInfo = VkApplication;
		};
/* End PBXContainerItemProxy section */

/* Begin PBXFileReference section */
		21CB2130F07552CF210CE304 /* Pods-VkApplication.debug.xcconfig */ = {isa = PBXFileReference; includeInIndex = 1; lastKnownFileType = text.xcconfig; name = "Pods-VkApplication.debug.xcconfig"; path = "Pods/Target Support Files/Pods-VkApplication/Pods-VkApplication.debug.xcconfig"; sourceTree = "<group>"; };
		264BC74CB1E16DADB6450B06 /* Pods_VkApplication.framework */ = {isa = PBXFileReference; explicitFileType = wrapper.framework; includeInIndex = 0; path = Pods_VkApplication.framework; sourceTree = BUILT_PRODUCTS_DIR; };
		4DE5E91A1E22862C783765A4 /* Pods-VkApplication.release.xcconfig */ = {isa = PBXFileReference; includeInIndex = 1; lastKnownFileType = text.xcconfig; name = "Pods-VkApplication.release.xcconfig"; path = "Pods/Target Support Files/Pods-VkApplication/Pods-VkApplication.release.xcconfig"; sourceTree = "<group>"; };
		A92FE65320F8165B0035C748 /* UserViewController.swift */ = {isa = PBXFileReference; lastKnownFileType = sourcecode.swift; path = UserViewController.swift; sourceTree = "<group>"; };
		A9381F1E20F258E500FD1793 /* PrivateVkLogic.swift */ = {isa = PBXFileReference; lastKnownFileType = sourcecode.swift; path = PrivateVkLogic.swift; sourceTree = "<group>"; };
		A9381F2320F2971600FD1793 /* VkApplication.entitlements */ = {isa = PBXFileReference; lastKnownFileType = text.plist.entitlements; path = VkApplication.entitlements; sourceTree = "<group>"; };
		A94F7B3320F4FB4500217990 /* VkStatisticsViewController.swift */ = {isa = PBXFileReference; lastKnownFileType = sourcecode.swift; path = VkStatisticsViewController.swift; sourceTree = "<group>"; };
		A975222F2104B7BE007875EA /* SignUpItems.swift */ = {isa = PBXFileReference; lastKnownFileType = sourcecode.swift; path = SignUpItems.swift; sourceTree = "<group>"; };
		A97522322104EA56007875EA /* GoogleService-Info.plist */ = {isa = PBXFileReference; fileEncoding = 4; lastKnownFileType = text.plist.xml; path = "GoogleService-Info.plist"; sourceTree = "<group>"; };
		A975223421052BFC007875EA /* VKTabBarController.swift */ = {isa = PBXFileReference; lastKnownFileType = sourcecode.swift; path = VKTabBarController.swift; sourceTree = "<group>"; };
		A981EE7720F9063200091D5F /* InfoViewController.swift */ = {isa = PBXFileReference; lastKnownFileType = sourcecode.swift; path = InfoViewController.swift; sourceTree = "<group>"; };
		A981EE7A20F9075200091D5F /* UserInfoView.xib */ = {isa = PBXFileReference; lastKnownFileType = file.xib; path = UserInfoView.xib; sourceTree = "<group>"; };
		A981EE7C20F907CB00091D5F /* UserInfoView.swift */ = {isa = PBXFileReference; lastKnownFileType = sourcecode.swift; path = UserInfoView.swift; sourceTree = "<group>"; };
		A9CFF99A20FD307300582DC4 /* PublicVkLogic.swift */ = {isa = PBXFileReference; lastKnownFileType = sourcecode.swift; path = PublicVkLogic.swift; sourceTree = "<group>"; };
		A9D9033121033CC700426162 /* UserWallTableViewController.swift */ = {isa = PBXFileReference; lastKnownFileType = sourcecode.swift; path = UserWallTableViewController.swift; sourceTree = "<group>"; };
		A9F7DB4720F15A1D00F870AC /* VkApplication.app */ = {isa = PBXFileReference; explicitFileType = wrapper.application; includeInIndex = 0; path = VkApplication.app; sourceTree = BUILT_PRODUCTS_DIR; };
		A9F7DB4A20F15A1D00F870AC /* AppDelegate.swift */ = {isa = PBXFileReference; lastKnownFileType = sourcecode.swift; path = AppDelegate.swift; sourceTree = "<group>"; };
		A9F7DB4C20F15A1D00F870AC /* SignUpViewController.swift */ = {isa = PBXFileReference; lastKnownFileType = sourcecode.swift; path = SignUpViewController.swift; sourceTree = "<group>"; };
		A9F7DB4F20F15A1D00F870AC /* Base */ = {isa = PBXFileReference; lastKnownFileType = file.storyboard; name = Base; path = Base.lproj/Main.storyboard; sourceTree = "<group>"; };
		A9F7DB5220F15A1D00F870AC /* VkApplication.xcdatamodel */ = {isa = PBXFileReference; lastKnownFileType = wrapper.xcdatamodel; path = VkApplication.xcdatamodel; sourceTree = "<group>"; };
		A9F7DB5420F15A2000F870AC /* Assets.xcassets */ = {isa = PBXFileReference; lastKnownFileType = folder.assetcatalog; path = Assets.xcassets; sourceTree = "<group>"; };
		A9F7DB5720F15A2000F870AC /* Base */ = {isa = PBXFileReference; lastKnownFileType = file.storyboard; name = Base; path = Base.lproj/LaunchScreen.storyboard; sourceTree = "<group>"; };
		A9F7DB5920F15A2000F870AC /* Info.plist */ = {isa = PBXFileReference; lastKnownFileType = text.plist.xml; path = Info.plist; sourceTree = "<group>"; };
		A9F7DB5E20F15A2000F870AC /* VkApplicationTests.xctest */ = {isa = PBXFileReference; explicitFileType = wrapper.cfbundle; includeInIndex = 0; path = VkApplicationTests.xctest; sourceTree = BUILT_PRODUCTS_DIR; };
		A9F7DB6220F15A2000F870AC /* VkApplicationTests.swift */ = {isa = PBXFileReference; lastKnownFileType = sourcecode.swift; path = VkApplicationTests.swift; sourceTree = "<group>"; };
		A9F7DB6420F15A2000F870AC /* Info.plist */ = {isa = PBXFileReference; lastKnownFileType = text.plist.xml; path = Info.plist; sourceTree = "<group>"; };
		A9F7DB7120F15F5800F870AC /* VK_ios_sdk.framework */ = {isa = PBXFileReference; explicitFileType = wrapper.framework; path = VK_ios_sdk.framework; sourceTree = BUILT_PRODUCTS_DIR; };
		AEEAECC9DCAA6AFE3D6A2B30 /* Pods-VkApplicationTests.release.xcconfig */ = {isa = PBXFileReference; includeInIndex = 1; lastKnownFileType = text.xcconfig; name = "Pods-VkApplicationTests.release.xcconfig"; path = "Pods/Target Support Files/Pods-VkApplicationTests/Pods-VkApplicationTests.release.xcconfig"; sourceTree = "<group>"; };
		BE1A0210E92358EA1B82995B /* Pods-VkApplicationTests.debug.xcconfig */ = {isa = PBXFileReference; includeInIndex = 1; lastKnownFileType = text.xcconfig; name = "Pods-VkApplicationTests.debug.xcconfig"; path = "Pods/Target Support Files/Pods-VkApplicationTests/Pods-VkApplicationTests.debug.xcconfig"; sourceTree = "<group>"; };
		EE521556F157C5041345773F /* Pods_VkApplicationTests.framework */ = {isa = PBXFileReference; explicitFileType = wrapper.framework; includeInIndex = 0; path = Pods_VkApplicationTests.framework; sourceTree = BUILT_PRODUCTS_DIR; };
/* End PBXFileReference section */

/* Begin PBXFrameworksBuildPhase section */
		A9F7DB4420F15A1D00F870AC /* Frameworks */ = {
			isa = PBXFrameworksBuildPhase;
			buildActionMask = 2147483647;
			files = (
				A9F7DB7220F15F5800F870AC /* VK_ios_sdk.framework in Frameworks */,
				99F83EA272D729B028F4A7C8 /* Pods_VkApplication.framework in Frameworks */,
			);
			runOnlyForDeploymentPostprocessing = 0;
		};
		A9F7DB5B20F15A2000F870AC /* Frameworks */ = {
			isa = PBXFrameworksBuildPhase;
			buildActionMask = 2147483647;
			files = (
				5D4C25AD5DC592EA3C749696 /* Pods_VkApplicationTests.framework in Frameworks */,
			);
			runOnlyForDeploymentPostprocessing = 0;
		};
/* End PBXFrameworksBuildPhase section */

/* Begin PBXGroup section */
		8B1FF8040DD37F3872F101CE /* Frameworks */ = {
			isa = PBXGroup;
			children = (
				A9F7DB7120F15F5800F870AC /* VK_ios_sdk.framework */,
				264BC74CB1E16DADB6450B06 /* Pods_VkApplication.framework */,
				EE521556F157C5041345773F /* Pods_VkApplicationTests.framework */,
			);
			name = Frameworks;
			sourceTree = "<group>";
		};
		A92FE65220F815730035C748 /* Wall */ = {
			isa = PBXGroup;
			children = (
				A94F7B3320F4FB4500217990 /* VkStatisticsViewController.swift */,
			);
			path = Wall;
			sourceTree = "<group>";
		};
		A97522312104C170007875EA /* TableViewWallRecords */ = {
			isa = PBXGroup;
			children = (
				A9D9033121033CC700426162 /* UserWallTableViewController.swift */,
			);
			path = TableViewWallRecords;
			sourceTree = "<group>";
		};
		A981EE7320F8D49900091D5F /* Sign Up */ = {
			isa = PBXGroup;
			children = (
				A9F7DB4C20F15A1D00F870AC /* SignUpViewController.swift */,
				A975222F2104B7BE007875EA /* SignUpItems.swift */,
			);
			path = "Sign Up";
			sourceTree = "<group>";
		};
		A981EE7620F905AE00091D5F /* Request User Info */ = {
			isa = PBXGroup;
			children = (
				A981EE7720F9063200091D5F /* InfoViewController.swift */,
			);
			path = "Request User Info";
			sourceTree = "<group>";
		};
		A981EE7920F9074000091D5F /* view XibFile */ = {
			isa = PBXGroup;
			children = (
				A981EE7A20F9075200091D5F /* UserInfoView.xib */,
				A981EE7C20F907CB00091D5F /* UserInfoView.swift */,
			);
			path = "view XibFile";
			sourceTree = "<group>";
		};
		A9CFF99920FD2D7C00582DC4 /* VkLogicRealse */ = {
			isa = PBXGroup;
			children = (
				A9CFF99A20FD307300582DC4 /* PublicVkLogic.swift */,
				A9381F1E20F258E500FD1793 /* PrivateVkLogic.swift */,
			);
			path = VkLogicRealse;
			sourceTree = "<group>";
		};
		A9F7DB3E20F15A1D00F870AC = {
			isa = PBXGroup;
			children = (
				A9F7DB4920F15A1D00F870AC /* VkApplication */,
				A9F7DB6120F15A2000F870AC /* VkApplicationTests */,
				A9F7DB4820F15A1D00F870AC /* Products */,
				E8EE0BB06B80CED07D397DC1 /* Pods */,
				8B1FF8040DD37F3872F101CE /* Frameworks */,
			);
			sourceTree = "<group>";
		};
		A9F7DB4820F15A1D00F870AC /* Products */ = {
			isa = PBXGroup;
			children = (
				A9F7DB4720F15A1D00F870AC /* VkApplication.app */,
				A9F7DB5E20F15A2000F870AC /* VkApplicationTests.xctest */,
			);
			name = Products;
			sourceTree = "<group>";
		};
		A9F7DB4920F15A1D00F870AC /* VkApplication */ = {
			isa = PBXGroup;
			children = (
				A981EE7920F9074000091D5F /* view XibFile */,
				A9CFF99920FD2D7C00582DC4 /* VkLogicRealse */,
				A9381F2320F2971600FD1793 /* VkApplication.entitlements */,
				A981EE7620F905AE00091D5F /* Request User Info */,
				A97522312104C170007875EA /* TableViewWallRecords */,
				A981EE7320F8D49900091D5F /* Sign Up */,
				A92FE65220F815730035C748 /* Wall */,
				A9F7DB4A20F15A1D00F870AC /* AppDelegate.swift */,
				A92FE65320F8165B0035C748 /* UserViewController.swift */,
				A9F7DB4E20F15A1D00F870AC /* Main.storyboard */,
				A975223421052BFC007875EA /* VKTabBarController.swift */,
				A9F7DB5420F15A2000F870AC /* Assets.xcassets */,
				A9F7DB5620F15A2000F870AC /* LaunchScreen.storyboard */,
				A97522322104EA56007875EA /* GoogleService-Info.plist */,
				A9F7DB5920F15A2000F870AC /* Info.plist */,
				A9F7DB5120F15A1D00F870AC /* VkApplication.xcdatamodeld */,
			);
			path = VkApplication;
			sourceTree = "<group>";
		};
		A9F7DB6120F15A2000F870AC /* VkApplicationTests */ = {
			isa = PBXGroup;
			children = (
				A9F7DB6220F15A2000F870AC /* VkApplicationTests.swift */,
				A9F7DB6420F15A2000F870AC /* Info.plist */,
			);
			path = VkApplicationTests;
			sourceTree = "<group>";
		};
		E8EE0BB06B80CED07D397DC1 /* Pods */ = {
			isa = PBXGroup;
			children = (
				21CB2130F07552CF210CE304 /* Pods-VkApplication.debug.xcconfig */,
				4DE5E91A1E22862C783765A4 /* Pods-VkApplication.release.xcconfig */,
				BE1A0210E92358EA1B82995B /* Pods-VkApplicationTests.debug.xcconfig */,
				AEEAECC9DCAA6AFE3D6A2B30 /* Pods-VkApplicationTests.release.xcconfig */,
			);
			name = Pods;
			sourceTree = "<group>";
		};
/* End PBXGroup section */

/* Begin PBXNativeTarget section */
		A9F7DB4620F15A1D00F870AC /* VkApplication */ = {
			isa = PBXNativeTarget;
			buildConfigurationList = A9F7DB6720F15A2000F870AC /* Build configuration list for PBXNativeTarget "VkApplication" */;
			buildPhases = (
				008C208622DD64B3EC6E5BE8 /* [CP] Check Pods Manifest.lock */,
				A9F7DB4320F15A1D00F870AC /* Sources */,
				A9F7DB4420F15A1D00F870AC /* Frameworks */,
				A9F7DB4520F15A1D00F870AC /* Resources */,
				83097E60848628F13852207C /* [CP] Embed Pods Frameworks */,
				E5B4E18CA017EAEABE8E486E /* [CP] Copy Pods Resources */,
			);
			buildRules = (
			);
			dependencies = (
			);
			name = VkApplication;
			productName = VkApplication;
			productReference = A9F7DB4720F15A1D00F870AC /* VkApplication.app */;
			productType = "com.apple.product-type.application";
		};
		A9F7DB5D20F15A2000F870AC /* VkApplicationTests */ = {
			isa = PBXNativeTarget;
			buildConfigurationList = A9F7DB6A20F15A2000F870AC /* Build configuration list for PBXNativeTarget "VkApplicationTests" */;
			buildPhases = (
				232F4F1C4AE6633FE6FE2550 /* [CP] Check Pods Manifest.lock */,
				A9F7DB5A20F15A2000F870AC /* Sources */,
				A9F7DB5B20F15A2000F870AC /* Frameworks */,
				A9F7DB5C20F15A2000F870AC /* Resources */,
				52E1385CDDB29A446531A4D9 /* [CP] Embed Pods Frameworks */,
				858AFB735F4F4E22BE9A64CF /* [CP] Copy Pods Resources */,
			);
			buildRules = (
			);
			dependencies = (
				A9F7DB6020F15A2000F870AC /* PBXTargetDependency */,
			);
			name = VkApplicationTests;
			productName = VkApplicationTests;
			productReference = A9F7DB5E20F15A2000F870AC /* VkApplicationTests.xctest */;
			productType = "com.apple.product-type.bundle.unit-test";
		};
/* End PBXNativeTarget section */

/* Begin PBXProject section */
		A9F7DB3F20F15A1D00F870AC /* Project object */ = {
			isa = PBXProject;
			attributes = {
				LastSwiftUpdateCheck = 0940;
				LastUpgradeCheck = 0940;
				ORGANIZATIONNAME = "Andrei Yarash";
				TargetAttributes = {
					A9F7DB4620F15A1D00F870AC = {
						CreatedOnToolsVersion = 9.4.1;
						SystemCapabilities = {
							com.apple.Keychain = {
								enabled = 1;
							};
							com.apple.Maps.iOS = {
								enabled = 0;
							};
						};
					};
					A9F7DB5D20F15A2000F870AC = {
						CreatedOnToolsVersion = 9.4.1;
						TestTargetID = A9F7DB4620F15A1D00F870AC;
					};
				};
			};
			buildConfigurationList = A9F7DB4220F15A1D00F870AC /* Build configuration list for PBXProject "VkApplication" */;
			compatibilityVersion = "Xcode 9.3";
			developmentRegion = en;
			hasScannedForEncodings = 0;
			knownRegions = (
				en,
				Base,
			);
			mainGroup = A9F7DB3E20F15A1D00F870AC;
			productRefGroup = A9F7DB4820F15A1D00F870AC /* Products */;
			projectDirPath = "";
			projectRoot = "";
			targets = (
				A9F7DB4620F15A1D00F870AC /* VkApplication */,
				A9F7DB5D20F15A2000F870AC /* VkApplicationTests */,
			);
		};
/* End PBXProject section */

/* Begin PBXResourcesBuildPhase section */
		A9F7DB4520F15A1D00F870AC /* Resources */ = {
			isa = PBXResourcesBuildPhase;
			buildActionMask = 2147483647;
			files = (
				A981EE7B20F9075300091D5F /* UserInfoView.xib in Resources */,
				A9F7DB5820F15A2000F870AC /* LaunchScreen.storyboard in Resources */,
				A97522332104EA56007875EA /* GoogleService-Info.plist in Resources */,
				A9F7DB5520F15A2000F870AC /* Assets.xcassets in Resources */,
				A9F7DB5020F15A1D00F870AC /* Main.storyboard in Resources */,
			);
			runOnlyForDeploymentPostprocessing = 0;
		};
		A9F7DB5C20F15A2000F870AC /* Resources */ = {
			isa = PBXResourcesBuildPhase;
			buildActionMask = 2147483647;
			files = (
			);
			runOnlyForDeploymentPostprocessing = 0;
		};
/* End PBXResourcesBuildPhase section */

/* Begin PBXShellScriptBuildPhase section */
		008C208622DD64B3EC6E5BE8 /* [CP] Check Pods Manifest.lock */ = {
			isa = PBXShellScriptBuildPhase;
			buildActionMask = 2147483647;
			files = (
			);
			inputPaths = (
				"${PODS_PODFILE_DIR_PATH}/Podfile.lock",
				"${PODS_ROOT}/Manifest.lock",
			);
			name = "[CP] Check Pods Manifest.lock";
			outputPaths = (
				"$(DERIVED_FILE_DIR)/Pods-VkApplication-checkManifestLockResult.txt",
			);
			runOnlyForDeploymentPostprocessing = 0;
			shellPath = /bin/sh;
			shellScript = "diff \"${PODS_PODFILE_DIR_PATH}/Podfile.lock\" \"${PODS_ROOT}/Manifest.lock\" > /dev/null\nif [ $? != 0 ] ; then\n    # print error to STDERR\n    echo \"error: The sandbox is not in sync with the Podfile.lock. Run 'pod install' or update your CocoaPods installation.\" >&2\n    exit 1\nfi\n# This output is used by Xcode 'outputs' to avoid re-running this script phase.\necho \"SUCCESS\" > \"${SCRIPT_OUTPUT_FILE_0}\"\n";
			showEnvVarsInLog = 0;
		};
		232F4F1C4AE6633FE6FE2550 /* [CP] Check Pods Manifest.lock */ = {
			isa = PBXShellScriptBuildPhase;
			buildActionMask = 2147483647;
			files = (
			);
			inputPaths = (
				"${PODS_PODFILE_DIR_PATH}/Podfile.lock",
				"${PODS_ROOT}/Manifest.lock",
			);
			name = "[CP] Check Pods Manifest.lock";
			outputPaths = (
				"$(DERIVED_FILE_DIR)/Pods-VkApplicationTests-checkManifestLockResult.txt",
			);
			runOnlyForDeploymentPostprocessing = 0;
			shellPath = /bin/sh;
			shellScript = "diff \"${PODS_PODFILE_DIR_PATH}/Podfile.lock\" \"${PODS_ROOT}/Manifest.lock\" > /dev/null\nif [ $? != 0 ] ; then\n    # print error to STDERR\n    echo \"error: The sandbox is not in sync with the Podfile.lock. Run 'pod install' or update your CocoaPods installation.\" >&2\n    exit 1\nfi\n# This output is used by Xcode 'outputs' to avoid re-running this script phase.\necho \"SUCCESS\" > \"${SCRIPT_OUTPUT_FILE_0}\"\n";
			showEnvVarsInLog = 0;
		};
		52E1385CDDB29A446531A4D9 /* [CP] Embed Pods Frameworks */ = {
			isa = PBXShellScriptBuildPhase;
			buildActionMask = 2147483647;
			files = (
			);
			inputPaths = (
			);
			name = "[CP] Embed Pods Frameworks";
			outputPaths = (
			);
			runOnlyForDeploymentPostprocessing = 0;
			shellPath = /bin/sh;
			shellScript = "\"${SRCROOT}/Pods/Target Support Files/Pods-VkApplicationTests/Pods-VkApplicationTests-frameworks.sh\"\n";
			showEnvVarsInLog = 0;
		};
		83097E60848628F13852207C /* [CP] Embed Pods Frameworks */ = {
			isa = PBXShellScriptBuildPhase;
			buildActionMask = 2147483647;
			files = (
			);
			inputPaths = (
				"${SRCROOT}/Pods/Target Support Files/Pods-VkApplication/Pods-VkApplication-frameworks.sh",
				"${BUILT_PRODUCTS_DIR}/GoogleToolboxForMac/GoogleToolboxForMac.framework",
				"${BUILT_PRODUCTS_DIR}/VK-ios-sdk/VK_ios_sdk.framework",
				"${BUILT_PRODUCTS_DIR}/nanopb/nanopb.framework",
			);
			name = "[CP] Embed Pods Frameworks";
			outputPaths = (
				"${TARGET_BUILD_DIR}/${FRAMEWORKS_FOLDER_PATH}/GoogleToolboxForMac.framework",
				"${TARGET_BUILD_DIR}/${FRAMEWORKS_FOLDER_PATH}/VK_ios_sdk.framework",
				"${TARGET_BUILD_DIR}/${FRAMEWORKS_FOLDER_PATH}/nanopb.framework",
			);
			runOnlyForDeploymentPostprocessing = 0;
			shellPath = /bin/sh;
			shellScript = "\"${SRCROOT}/Pods/Target Support Files/Pods-VkApplication/Pods-VkApplication-frameworks.sh\"\n";
			showEnvVarsInLog = 0;
		};
		858AFB735F4F4E22BE9A64CF /* [CP] Copy Pods Resources */ = {
			isa = PBXShellScriptBuildPhase;
			buildActionMask = 2147483647;
			files = (
			);
			inputPaths = (
			);
			name = "[CP] Copy Pods Resources";
			outputPaths = (
			);
			runOnlyForDeploymentPostprocessing = 0;
			shellPath = /bin/sh;
			shellScript = "\"${SRCROOT}/Pods/Target Support Files/Pods-VkApplicationTests/Pods-VkApplicationTests-resources.sh\"\n";
			showEnvVarsInLog = 0;
		};
		E5B4E18CA017EAEABE8E486E /* [CP] Copy Pods Resources */ = {
			isa = PBXShellScriptBuildPhase;
			buildActionMask = 2147483647;
			files = (
			);
			inputPaths = (
			);
			name = "[CP] Copy Pods Resources";
			outputPaths = (
			);
			runOnlyForDeploymentPostprocessing = 0;
			shellPath = /bin/sh;
			shellScript = "\"${SRCROOT}/Pods/Target Support Files/Pods-VkApplication/Pods-VkApplication-resources.sh\"\n";
			showEnvVarsInLog = 0;
		};
/* End PBXShellScriptBuildPhase section */

/* Begin PBXSourcesBuildPhase section */
		A9F7DB4320F15A1D00F870AC /* Sources */ = {
			isa = PBXSourcesBuildPhase;
			buildActionMask = 2147483647;
			files = (
				A981EE7D20F907CB00091D5F /* UserInfoView.swift in Sources */,
				A9F7DB4D20F15A1D00F870AC /* SignUpViewController.swift in Sources */,
				A9D9033221033CC700426162 /* UserWallTableViewController.swift in Sources */,
				A9CFF99B20FD307300582DC4 /* PublicVkLogic.swift in Sources */,
				A92FE65420F8165B0035C748 /* UserViewController.swift in Sources */,
				A9F7DB5320F15A1D00F870AC /* VkApplication.xcdatamodeld in Sources */,
				A9F7DB4B20F15A1D00F870AC /* AppDelegate.swift in Sources */,
				A97522302104B7BE007875EA /* SignUpItems.swift in Sources */,
				A975223521052BFC007875EA /* VKTabBarController.swift in Sources */,
				A9381F1F20F258E500FD1793 /* PrivateVkLogic.swift in Sources */,
				A981EE7820F9063200091D5F /* InfoViewController.swift in Sources */,
				A94F7B3420F4FB4500217990 /* VkStatisticsViewController.swift in Sources */,
			);
			runOnlyForDeploymentPostprocessing = 0;
		};
		A9F7DB5A20F15A2000F870AC /* Sources */ = {
			isa = PBXSourcesBuildPhase;
			buildActionMask = 2147483647;
			files = (
				A9F7DB6320F15A2000F870AC /* VkApplicationTests.swift in Sources */,
			);
			runOnlyForDeploymentPostprocessing = 0;
		};
/* End PBXSourcesBuildPhase section */

/* Begin PBXTargetDependency section */
		A9F7DB6020F15A2000F870AC /* PBXTargetDependency */ = {
			isa = PBXTargetDependency;
			target = A9F7DB4620F15A1D00F870AC /* VkApplication */;
			targetProxy = A9F7DB5F20F15A2000F870AC /* PBXContainerItemProxy */;
		};
/* End PBXTargetDependency section */

/* Begin PBXVariantGroup section */
		A9F7DB4E20F15A1D00F870AC /* Main.storyboard */ = {
			isa = PBXVariantGroup;
			children = (
				A9F7DB4F20F15A1D00F870AC /* Base */,
			);
			name = Main.storyboard;
			sourceTree = "<group>";
		};
		A9F7DB5620F15A2000F870AC /* LaunchScreen.storyboard */ = {
			isa = PBXVariantGroup;
			children = (
				A9F7DB5720F15A2000F870AC /* Base */,
			);
			name = LaunchScreen.storyboard;
			sourceTree = "<group>";
		};
/* End PBXVariantGroup section */

/* Begin XCBuildConfiguration section */
		A9F7DB6520F15A2000F870AC /* Debug */ = {
			isa = XCBuildConfiguration;
			buildSettings = {
				ALWAYS_SEARCH_USER_PATHS = NO;
				CLANG_ANALYZER_NONNULL = YES;
				CLANG_ANALYZER_NUMBER_OBJECT_CONVERSION = YES_AGGRESSIVE;
				CLANG_CXX_LANGUAGE_STANDARD = "gnu++14";
				CLANG_CXX_LIBRARY = "libc++";
				CLANG_ENABLE_MODULES = YES;
				CLANG_ENABLE_OBJC_ARC = YES;
				CLANG_ENABLE_OBJC_WEAK = YES;
				CLANG_WARN_BLOCK_CAPTURE_AUTORELEASING = YES;
				CLANG_WARN_BOOL_CONVERSION = YES;
				CLANG_WARN_COMMA = YES;
				CLANG_WARN_CONSTANT_CONVERSION = YES;
				CLANG_WARN_DEPRECATED_OBJC_IMPLEMENTATIONS = YES;
				CLANG_WARN_DIRECT_OBJC_ISA_USAGE = YES_ERROR;
				CLANG_WARN_DOCUMENTATION_COMMENTS = YES;
				CLANG_WARN_EMPTY_BODY = YES;
				CLANG_WARN_ENUM_CONVERSION = YES;
				CLANG_WARN_INFINITE_RECURSION = YES;
				CLANG_WARN_INT_CONVERSION = YES;
				CLANG_WARN_NON_LITERAL_NULL_CONVERSION = YES;
				CLANG_WARN_OBJC_IMPLICIT_RETAIN_SELF = YES;
				CLANG_WARN_OBJC_LITERAL_CONVERSION = YES;
				CLANG_WARN_OBJC_ROOT_CLASS = YES_ERROR;
				CLANG_WARN_RANGE_LOOP_ANALYSIS = YES;
				CLANG_WARN_STRICT_PROTOTYPES = YES;
				CLANG_WARN_SUSPICIOUS_MOVE = YES;
				CLANG_WARN_UNGUARDED_AVAILABILITY = YES_AGGRESSIVE;
				CLANG_WARN_UNREACHABLE_CODE = YES;
				CLANG_WARN__DUPLICATE_METHOD_MATCH = YES;
				CODE_SIGN_IDENTITY = "iPhone Developer";
				COPY_PHASE_STRIP = NO;
				DEBUG_INFORMATION_FORMAT = dwarf;
				ENABLE_STRICT_OBJC_MSGSEND = YES;
				ENABLE_TESTABILITY = YES;
				GCC_C_LANGUAGE_STANDARD = gnu11;
				GCC_DYNAMIC_NO_PIC = NO;
				GCC_NO_COMMON_BLOCKS = YES;
				GCC_OPTIMIZATION_LEVEL = 0;
				GCC_PREPROCESSOR_DEFINITIONS = (
					"DEBUG=1",
					"$(inherited)",
				);
				GCC_WARN_64_TO_32_BIT_CONVERSION = YES;
				GCC_WARN_ABOUT_RETURN_TYPE = YES_ERROR;
				GCC_WARN_UNDECLARED_SELECTOR = YES;
				GCC_WARN_UNINITIALIZED_AUTOS = YES_AGGRESSIVE;
				GCC_WARN_UNUSED_FUNCTION = YES;
				GCC_WARN_UNUSED_VARIABLE = YES;
				IPHONEOS_DEPLOYMENT_TARGET = 10.0;
				MTL_ENABLE_DEBUG_INFO = YES;
				ONLY_ACTIVE_ARCH = YES;
				SDKROOT = iphoneos;
				SWIFT_ACTIVE_COMPILATION_CONDITIONS = DEBUG;
				SWIFT_OPTIMIZATION_LEVEL = "-Onone";
			};
			name = Debug;
		};
		A9F7DB6620F15A2000F870AC /* Release */ = {
			isa = XCBuildConfiguration;
			buildSettings = {
				ALWAYS_SEARCH_USER_PATHS = NO;
				CLANG_ANALYZER_NONNULL = YES;
				CLANG_ANALYZER_NUMBER_OBJECT_CONVERSION = YES_AGGRESSIVE;
				CLANG_CXX_LANGUAGE_STANDARD = "gnu++14";
				CLANG_CXX_LIBRARY = "libc++";
				CLANG_ENABLE_MODULES = YES;
				CLANG_ENABLE_OBJC_ARC = YES;
				CLANG_ENABLE_OBJC_WEAK = YES;
				CLANG_WARN_BLOCK_CAPTURE_AUTORELEASING = YES;
				CLANG_WARN_BOOL_CONVERSION = YES;
				CLANG_WARN_COMMA = YES;
				CLANG_WARN_CONSTANT_CONVERSION = YES;
				CLANG_WARN_DEPRECATED_OBJC_IMPLEMENTATIONS = YES;
				CLANG_WARN_DIRECT_OBJC_ISA_USAGE = YES_ERROR;
				CLANG_WARN_DOCUMENTATION_COMMENTS = YES;
				CLANG_WARN_EMPTY_BODY = YES;
				CLANG_WARN_ENUM_CONVERSION = YES;
				CLANG_WARN_INFINITE_RECURSION = YES;
				CLANG_WARN_INT_CONVERSION = YES;
				CLANG_WARN_NON_LITERAL_NULL_CONVERSION = YES;
				CLANG_WARN_OBJC_IMPLICIT_RETAIN_SELF = YES;
				CLANG_WARN_OBJC_LITERAL_CONVERSION = YES;
				CLANG_WARN_OBJC_ROOT_CLASS = YES_ERROR;
				CLANG_WARN_RANGE_LOOP_ANALYSIS = YES;
				CLANG_WARN_STRICT_PROTOTYPES = YES;
				CLANG_WARN_SUSPICIOUS_MOVE = YES;
				CLANG_WARN_UNGUARDED_AVAILABILITY = YES_AGGRESSIVE;
				CLANG_WARN_UNREACHABLE_CODE = YES;
				CLANG_WARN__DUPLICATE_METHOD_MATCH = YES;
				CODE_SIGN_IDENTITY = "iPhone Developer";
				COPY_PHASE_STRIP = NO;
				DEBUG_INFORMATION_FORMAT = "dwarf-with-dsym";
				ENABLE_NS_ASSERTIONS = NO;
				ENABLE_STRICT_OBJC_MSGSEND = YES;
				GCC_C_LANGUAGE_STANDARD = gnu11;
				GCC_NO_COMMON_BLOCKS = YES;
				GCC_WARN_64_TO_32_BIT_CONVERSION = YES;
				GCC_WARN_ABOUT_RETURN_TYPE = YES_ERROR;
				GCC_WARN_UNDECLARED_SELECTOR = YES;
				GCC_WARN_UNINITIALIZED_AUTOS = YES_AGGRESSIVE;
				GCC_WARN_UNUSED_FUNCTION = YES;
				GCC_WARN_UNUSED_VARIABLE = YES;
				IPHONEOS_DEPLOYMENT_TARGET = 10.0;
				MTL_ENABLE_DEBUG_INFO = NO;
				SDKROOT = iphoneos;
				SWIFT_COMPILATION_MODE = wholemodule;
				SWIFT_OPTIMIZATION_LEVEL = "-O";
				VALIDATE_PRODUCT = YES;
			};
			name = Release;
		};
		A9F7DB6820F15A2000F870AC /* Debug */ = {
			isa = XCBuildConfiguration;
			baseConfigurationReference = 21CB2130F07552CF210CE304 /* Pods-VkApplication.debug.xcconfig */;
			buildSettings = {
				ASSETCATALOG_COMPILER_APPICON_NAME = AppIcon;
				CODE_SIGN_ENTITLEMENTS = VkApplication/VkApplication.entitlements;
				CODE_SIGN_STYLE = Automatic;
				DEVELOPMENT_TEAM = 7DMUCUY464;
				INFOPLIST_FILE = VkApplication/Info.plist;
				LD_RUNPATH_SEARCH_PATHS = (
					"$(inherited)",
					"@executable_path/Frameworks",
				);
				PRODUCT_BUNDLE_IDENTIFIER = AndreiYarash.VkApplication;
				PRODUCT_NAME = "$(TARGET_NAME)";
				SWIFT_VERSION = 4.0;
				TARGETED_DEVICE_FAMILY = "1,2";
			};
			name = Debug;
		};
		A9F7DB6920F15A2000F870AC /* Release */ = {
			isa = XCBuildConfiguration;
			baseConfigurationReference = 4DE5E91A1E22862C783765A4 /* Pods-VkApplication.release.xcconfig */;
			buildSettings = {
				ASSETCATALOG_COMPILER_APPICON_NAME = AppIcon;
				CODE_SIGN_ENTITLEMENTS = VkApplication/VkApplication.entitlements;
				CODE_SIGN_STYLE = Automatic;
				DEVELOPMENT_TEAM = 7DMUCUY464;
				INFOPLIST_FILE = VkApplication/Info.plist;
				LD_RUNPATH_SEARCH_PATHS = (
					"$(inherited)",
					"@executable_path/Frameworks",
				);
				PRODUCT_BUNDLE_IDENTIFIER = AndreiYarash.VkApplication;
				PRODUCT_NAME = "$(TARGET_NAME)";
				SWIFT_VERSION = 4.0;
				TARGETED_DEVICE_FAMILY = "1,2";
			};
			name = Release;
		};
		A9F7DB6B20F15A2000F870AC /* Debug */ = {
			isa = XCBuildConfiguration;
			baseConfigurationReference = BE1A0210E92358EA1B82995B /* Pods-VkApplicationTests.debug.xcconfig */;
			buildSettings = {
				ALWAYS_EMBED_SWIFT_STANDARD_LIBRARIES = YES;
				BUNDLE_LOADER = "$(TEST_HOST)";
				CODE_SIGN_STYLE = Automatic;
				DEVELOPMENT_TEAM = 7DMUCUY464;
				INFOPLIST_FILE = VkApplicationTests/Info.plist;
				LD_RUNPATH_SEARCH_PATHS = (
					"$(inherited)",
					"@executable_path/Frameworks",
					"@loader_path/Frameworks",
				);
				PRODUCT_BUNDLE_IDENTIFIER = AndreiYarash.VkApplicationTests;
				PRODUCT_NAME = "$(TARGET_NAME)";
				SWIFT_VERSION = 4.0;
				TARGETED_DEVICE_FAMILY = "1,2";
				TEST_HOST = "$(BUILT_PRODUCTS_DIR)/VkApplication.app/VkApplication";
			};
			name = Debug;
		};
		A9F7DB6C20F15A2000F870AC /* Release */ = {
			isa = XCBuildConfiguration;
			baseConfigurationReference = AEEAECC9DCAA6AFE3D6A2B30 /* Pods-VkApplicationTests.release.xcconfig */;
			buildSettings = {
				ALWAYS_EMBED_SWIFT_STANDARD_LIBRARIES = YES;
				BUNDLE_LOADER = "$(TEST_HOST)";
				CODE_SIGN_STYLE = Automatic;
				DEVELOPMENT_TEAM = 7DMUCUY464;
				INFOPLIST_FILE = VkApplicationTests/Info.plist;
				LD_RUNPATH_SEARCH_PATHS = (
					"$(inherited)",
					"@executable_path/Frameworks",
					"@loader_path/Frameworks",
				);
				PRODUCT_BUNDLE_IDENTIFIER = AndreiYarash.VkApplicationTests;
				PRODUCT_NAME = "$(TARGET_NAME)";
				SWIFT_VERSION = 4.0;
				TARGETED_DEVICE_FAMILY = "1,2";
				TEST_HOST = "$(BUILT_PRODUCTS_DIR)/VkApplication.app/VkApplication";
			};
			name = Release;
		};
/* End XCBuildConfiguration section */

/* Begin XCConfigurationList section */
		A9F7DB4220F15A1D00F870AC /* Build configuration list for PBXProject "VkApplication" */ = {
			isa = XCConfigurationList;
			buildConfigurations = (
				A9F7DB6520F15A2000F870AC /* Debug */,
				A9F7DB6620F15A2000F870AC /* Release */,
			);
			defaultConfigurationIsVisible = 0;
			defaultConfigurationName = Release;
		};
		A9F7DB6720F15A2000F870AC /* Build configuration list for PBXNativeTarget "VkApplication" */ = {
			isa = XCConfigurationList;
			buildConfigurations = (
				A9F7DB6820F15A2000F870AC /* Debug */,
				A9F7DB6920F15A2000F870AC /* Release */,
			);
			defaultConfigurationIsVisible = 0;
			defaultConfigurationName = Release;
		};
		A9F7DB6A20F15A2000F870AC /* Build configuration list for PBXNativeTarget "VkApplicationTests" */ = {
			isa = XCConfigurationList;
			buildConfigurations = (
				A9F7DB6B20F15A2000F870AC /* Debug */,
				A9F7DB6C20F15A2000F870AC /* Release */,
			);
			defaultConfigurationIsVisible = 0;
			defaultConfigurationName = Release;
		};
/* End XCConfigurationList section */

/* Begin XCVersionGroup section */
		A9F7DB5120F15A1D00F870AC /* VkApplication.xcdatamodeld */ = {
			isa = XCVersionGroup;
			children = (
				A9F7DB5220F15A1D00F870AC /* VkApplication.xcdatamodel */,
			);
			currentVersion = A9F7DB5220F15A1D00F870AC /* VkApplication.xcdatamodel */;
			path = VkApplication.xcdatamodeld;
			sourceTree = "<group>";
			versionGroupType = wrapper.xcdatamodel;
		};
/* End XCVersionGroup section */
	};
	rootObject = A9F7DB3F20F15A1D00F870AC /* Project object */;
}
